
Microsoft Visual Studio Solution File, Format Version 12.00
# Visual Studio Version 17
VisualStudioVersion = 17.0.31903.59
MinimumVisualStudioVersion = 10.0.40219.1
Project("{FAE04EC0-301F-11D3-BF4B-00C04F79EFBC}") = "API", "API\API.csproj", "{2DE5B6C9-360A-442E-999A-6847FC8F02B4}"
EndProject
Project("{FAE04EC0-301F-11D3-BF4B-00C04F79EFBC}") = "Application", "Application\Application.csproj", "{A7262431-9A06-412E-8236-67D688F36A4B}"
EndProject
Project("{FAE04EC0-301F-11D3-BF4B-00C04F79EFBC}") = "Domain", "Domain\Domain.csproj", "{8BD1F39D-4E41-46B1-9A70-32FC45D7F31C}"
EndProject
Project("{FAE04EC0-301F-11D3-BF4B-00C04F79EFBC}") = "Persistence", "Persistence\Persistence.csproj", "{E025BD71-802B-4852-A477-97ECCE477402}"
EndProject
Global
	GlobalSection(SolutionConfigurationPlatforms) = preSolution
		Debug|Any CPU = Debug|Any CPU
		Release|Any CPU = Release|Any CPU
	EndGlobalSection
	GlobalSection(SolutionProperties) = preSolution
		HideSolutionNode = FALSE
	EndGlobalSection
	GlobalSection(ProjectConfigurationPlatforms) = postSolution
		{2DE5B6C9-360A-442E-999A-6847FC8F02B4}.Debug|Any CPU.ActiveCfg = Debug|Any CPU
		{2DE5B6C9-360A-442E-999A-6847FC8F02B4}.Debug|Any CPU.Build.0 = Debug|Any CPU
		{2DE5B6C9-360A-442E-999A-6847FC8F02B4}.Release|Any CPU.ActiveCfg = Release|Any CPU
		{2DE5B6C9-360A-442E-999A-6847FC8F02B4}.Release|Any CPU.Build.0 = Release|Any CPU
		{A7262431-9A06-412E-8236-67D688F36A4B}.Debug|Any CPU.ActiveCfg = Debug|Any CPU
		{A7262431-9A06-412E-8236-67D688F36A4B}.Debug|Any CPU.Build.0 = Debug|Any CPU
		{A7262431-9A06-412E-8236-67D688F36A4B}.Release|Any CPU.ActiveCfg = Release|Any CPU
		{A7262431-9A06-412E-8236-67D688F36A4B}.Release|Any CPU.Build.0 = Release|Any CPU
		{8BD1F39D-4E41-46B1-9A70-32FC45D7F31C}.Debug|Any CPU.ActiveCfg = Debug|Any CPU
		{8BD1F39D-4E41-46B1-9A70-32FC45D7F31C}.Debug|Any CPU.Build.0 = Debug|Any CPU
		{8BD1F39D-4E41-46B1-9A70-32FC45D7F31C}.Release|Any CPU.ActiveCfg = Release|Any CPU
		{8BD1F39D-4E41-46B1-9A70-32FC45D7F31C}.Release|Any CPU.Build.0 = Release|Any CPU
		{E025BD71-802B-4852-A477-97ECCE477402}.Debug|Any CPU.ActiveCfg = Debug|Any CPU
		{E025BD71-802B-4852-A477-97ECCE477402}.Debug|Any CPU.Build.0 = Debug|Any CPU
		{E025BD71-802B-4852-A477-97ECCE477402}.Release|Any CPU.ActiveCfg = Release|Any CPU
		{E025BD71-802B-4852-A477-97ECCE477402}.Release|Any CPU.Build.0 = Release|Any CPU
	EndGlobalSection
EndGlobal
